// !$*UTF8*$!
{
	archiveVersion = 1;
	classes = {
	};
	objectVersion = 55;
	objects = {

/* Begin PBXBuildFile section */
		1E0E8EBEA52624922460274C /* Pods_12_Hafta.framework in Frameworks */ = {isa = PBXBuildFile; fileRef = 3AFAE18C368D5EFDD6FB5921 /* Pods_12_Hafta.framework */; };
		84246A1528DDCB9600873A7C /* LabelViewController.swift in Sources */ = {isa = PBXBuildFile; fileRef = 84246A1428DDCB9600873A7C /* LabelViewController.swift */; };
		844760B528DC73BD00285E25 /* PageViewController.swift in Sources */ = {isa = PBXBuildFile; fileRef = 844760B428DC73BD00285E25 /* PageViewController.swift */; };
		84A2B51228DB48160089ABCE /* AppDelegate.swift in Sources */ = {isa = PBXBuildFile; fileRef = 84A2B51128DB48160089ABCE /* AppDelegate.swift */; };
		84A2B51428DB48160089ABCE /* SceneDelegate.swift in Sources */ = {isa = PBXBuildFile; fileRef = 84A2B51328DB48160089ABCE /* SceneDelegate.swift */; };
		84A2B51628DB48160089ABCE /* ViewController.swift in Sources */ = {isa = PBXBuildFile; fileRef = 84A2B51528DB48160089ABCE /* ViewController.swift */; };
		84A2B51928DB48160089ABCE /* Main.storyboard in Resources */ = {isa = PBXBuildFile; fileRef = 84A2B51728DB48160089ABCE /* Main.storyboard */; };
		84A2B51B28DB48180089ABCE /* Assets.xcassets in Resources */ = {isa = PBXBuildFile; fileRef = 84A2B51A28DB48180089ABCE /* Assets.xcassets */; };
		84A2B51E28DB48180089ABCE /* LaunchScreen.storyboard in Resources */ = {isa = PBXBuildFile; fileRef = 84A2B51C28DB48180089ABCE /* LaunchScreen.storyboard */; };
/* End PBXBuildFile section */

/* Begin PBXFileReference section */
		3AFAE18C368D5EFDD6FB5921 /* Pods_12_Hafta.framework */ = {isa = PBXFileReference; explicitFileType = wrapper.framework; includeInIndex = 0; path = Pods_12_Hafta.framework; sourceTree = BUILT_PRODUCTS_DIR; };
		4108458D7BCA9144C929FFF6 /* Pods-12.Hafta.release.xcconfig */ = {isa = PBXFileReference; includeInIndex = 1; lastKnownFileType = text.xcconfig; name = "Pods-12.Hafta.release.xcconfig"; path = "Target Support Files/Pods-12.Hafta/Pods-12.Hafta.release.xcconfig"; sourceTree = "<group>"; };
		84246A1428DDCB9600873A7C /* LabelViewController.swift */ = {isa = PBXFileReference; lastKnownFileType = sourcecode.swift; path = LabelViewController.swift; sourceTree = "<group>"; };
		844760B428DC73BD00285E25 /* PageViewController.swift */ = {isa = PBXFileReference; lastKnownFileType = sourcecode.swift; path = PageViewController.swift; sourceTree = "<group>"; };
		84A2B50E28DB48150089ABCE /* 12.Hafta.app */ = {isa = PBXFileReference; explicitFileType = wrapper.application; includeInIndex = 0; path = 12.Hafta.app; sourceTree = BUILT_PRODUCTS_DIR; };
		84A2B51128DB48160089ABCE /* AppDelegate.swift */ = {isa = PBXFileReference; lastKnownFileType = sourcecode.swift; path = AppDelegate.swift; sourceTree = "<group>"; };
		84A2B51328DB48160089ABCE /* SceneDelegate.swift */ = {isa = PBXFileReference; lastKnownFileType = sourcecode.swift; path = SceneDelegate.swift; sourceTree = "<group>"; };
		84A2B51528DB48160089ABCE /* ViewController.swift */ = {isa = PBXFileReference; lastKnownFileType = sourcecode.swift; path = ViewController.swift; sourceTree = "<group>"; };
		84A2B51828DB48160089ABCE /* Base */ = {isa = PBXFileReference; lastKnownFileType = file.storyboard; name = Base; path = Base.lproj/Main.storyboard; sourceTree = "<group>"; };
		84A2B51A28DB48180089ABCE /* Assets.xcassets */ = {isa = PBXFileReference; lastKnownFileType = folder.assetcatalog; path = Assets.xcassets; sourceTree = "<group>"; };
		84A2B51D28DB48180089ABCE /* Base */ = {isa = PBXFileReference; lastKnownFileType = file.storyboard; name = Base; path = Base.lproj/LaunchScreen.storyboard; sourceTree = "<group>"; };
		84A2B51F28DB48180089ABCE /* Info.plist */ = {isa = PBXFileReference; lastKnownFileType = text.plist.xml; path = Info.plist; sourceTree = "<group>"; };
		F018D0A89903C549CAC934CD /* Pods-12.Hafta.debug.xcconfig */ = {isa = PBXFileReference; includeInIndex = 1; lastKnownFileType = text.xcconfig; name = "Pods-12.Hafta.debug.xcconfig"; path = "Target Support Files/Pods-12.Hafta/Pods-12.Hafta.debug.xcconfig"; sourceTree = "<group>"; };
/* End PBXFileReference section */

/* Begin PBXFrameworksBuildPhase section */
		84A2B50B28DB48150089ABCE /* Frameworks */ = {
			isa = PBXFrameworksBuildPhase;
			buildActionMask = 2147483647;
			files = (
				1E0E8EBEA52624922460274C /* Pods_12_Hafta.framework in Frameworks */,
			);
			runOnlyForDeploymentPostprocessing = 0;
		};
/* End PBXFrameworksBuildPhase section */

/* Begin PBXGroup section */
		63DA7C797D3E10328F13E73E /* Pods */ = {
			isa = PBXGroup;
			children = (
				F018D0A89903C549CAC934CD /* Pods-12.Hafta.debug.xcconfig */,
				4108458D7BCA9144C929FFF6 /* Pods-12.Hafta.release.xcconfig */,
			);
			path = Pods;
			sourceTree = "<group>";
		};
		78843A3D3967A57AFFD9AFFC /* Frameworks */ = {
			isa = PBXGroup;
			children = (
				3AFAE18C368D5EFDD6FB5921 /* Pods_12_Hafta.framework */,
			);
			name = Frameworks;
			sourceTree = "<group>";
		};
		84A2B50528DB48150089ABCE = {
			isa = PBXGroup;
			children = (
				84A2B51028DB48150089ABCE /* 12.Hafta */,
				84A2B50F28DB48150089ABCE /* Products */,
				63DA7C797D3E10328F13E73E /* Pods */,
				78843A3D3967A57AFFD9AFFC /* Frameworks */,
			);
			sourceTree = "<group>";
		};
		84A2B50F28DB48150089ABCE /* Products */ = {
			isa = PBXGroup;
			children = (
				84A2B50E28DB48150089ABCE /* 12.Hafta.app */,
			);
			name = Products;
			sourceTree = "<group>";
		};
		84A2B51028DB48150089ABCE /* 12.Hafta */ = {
			isa = PBXGroup;
			children = (
				84A2B51128DB48160089ABCE /* AppDelegate.swift */,
				84A2B51328DB48160089ABCE /* SceneDelegate.swift */,
				84A2B51528DB48160089ABCE /* ViewController.swift */,
				844760B428DC73BD00285E25 /* PageViewController.swift */,
				84246A1428DDCB9600873A7C /* LabelViewController.swift */,
				84A2B51728DB48160089ABCE /* Main.storyboard */,
				84A2B51A28DB48180089ABCE /* Assets.xcassets */,
				84A2B51C28DB48180089ABCE /* LaunchScreen.storyboard */,
				84A2B51F28DB48180089ABCE /* Info.plist */,
			);
			path = 12.Hafta;
			sourceTree = "<group>";
		};
/* End PBXGroup section */

/* Begin PBXNativeTarget section */
		84A2B50D28DB48150089ABCE /* 12.Hafta */ = {
			isa = PBXNativeTarget;
			buildConfigurationList = 84A2B52228DB48180089ABCE /* Build configuration list for PBXNativeTarget "12.Hafta" */;
			buildPhases = (
				A4E93DB6C38AE5C0791D0E6D /* [CP] Check Pods Manifest.lock */,
				84A2B50A28DB48150089ABCE /* Sources */,
				84A2B50B28DB48150089ABCE /* Frameworks */,
				84A2B50C28DB48150089ABCE /* Resources */,
				0F34D01A60AEC199541AB500 /* [CP] Embed Pods Frameworks */,
			);
			buildRules = (
			);
			dependencies = (
			);
			name = 12.Hafta;
			productName = 12.Hafta;
			productReference = 84A2B50E28DB48150089ABCE /* 12.Hafta.app */;
			productType = "com.apple.product-type.application";
		};
/* End PBXNativeTarget section */

/* Begin PBXProject section */
		84A2B50628DB48150089ABCE /* Project object */ = {
			isa = PBXProject;
			attributes = {
				BuildIndependentTargetsInParallel = 1;
				LastSwiftUpdateCheck = 1340;
				LastUpgradeCheck = 1340;
				TargetAttributes = {
					84A2B50D28DB48150089ABCE = {
						CreatedOnToolsVersion = 13.4.1;
					};
				};
			};
			buildConfigurationList = 84A2B50928DB48150089ABCE /* Build configuration list for PBXProject "12.Hafta" */;
			compatibilityVersion = "Xcode 13.0";
			developmentRegion = en;
			hasScannedForEncodings = 0;
			knownRegions = (
				en,
				Base,
			);
			mainGroup = 84A2B50528DB48150089ABCE;
			productRefGroup = 84A2B50F28DB48150089ABCE /* Products */;
			projectDirPath = "";
			projectRoot = "";
			targets = (
				84A2B50D28DB48150089ABCE /* 12.Hafta */,
			);
		};
/* End PBXProject section */

/* Begin PBXResourcesBuildPhase section */
		84A2B50C28DB48150089ABCE /* Resources */ = {
			isa = PBXResourcesBuildPhase;
			buildActionMask = 2147483647;
			files = (
				84A2B51E28DB48180089ABCE /* LaunchScreen.storyboard in Resources */,
				84A2B51B28DB48180089ABCE /* Assets.xcassets in Resources */,
				84A2B51928DB48160089ABCE /* Main.storyboard in Resources */,
			);
			runOnlyForDeploymentPostprocessing = 0;
		};
/* End PBXResourcesBuildPhase section */

/* Begin PBXShellScriptBuildPhase section */
		0F34D01A60AEC199541AB500 /* [CP] Embed Pods Frameworks */ = {
			isa = PBXShellScriptBuildPhase;
			buildActionMask = 2147483647;
			files = (
			);
			inputFileListPaths = (
				"${PODS_ROOT}/Target Support Files/Pods-12.Hafta/Pods-12.Hafta-frameworks-${CONFIGURATION}-input-files.xcfilelist",
			);
			name = "[CP] Embed Pods Frameworks";
			outputFileListPaths = (
				"${PODS_ROOT}/Target Support Files/Pods-12.Hafta/Pods-12.Hafta-frameworks-${CONFIGURATION}-output-files.xcfilelist",
			);
			runOnlyForDeploymentPostprocessing = 0;
			shellPath = /bin/sh;
			shellScript = "\"${PODS_ROOT}/Target Support Files/Pods-12.Hafta/Pods-12.Hafta-frameworks.sh\"\n";
			showEnvVarsInLog = 0;
		};
		A4E93DB6C38AE5C0791D0E6D /* [CP] Check Pods Manifest.lock */ = {
			isa = PBXShellScriptBuildPhase;
			buildActionMask = 2147483647;
			files = (
			);
			inputFileListPaths = (
			);
			inputPaths = (
				"${PODS_PODFILE_DIR_PATH}/Podfile.lock",
				"${PODS_ROOT}/Manifest.lock",
			);
			name = "[CP] Check Pods Manifest.lock";
			outputFileListPaths = (
			);
			outputPaths = (
				"$(DERIVED_FILE_DIR)/Pods-12.Hafta-checkManifestLockResult.txt",
			);
			runOnlyForDeploymentPostprocessing = 0;
			shellPath = /bin/sh;
			shellScript = "diff \"${PODS_PODFILE_DIR_PATH}/Podfile.lock\" \"${PODS_ROOT}/Manifest.lock\" > /dev/null\nif [ $? != 0 ] ; then\n    # print error to STDERR\n    echo \"error: The sandbox is not in sync with the Podfile.lock. Run 'pod install' or update your CocoaPods installation.\" >&2\n    exit 1\nfi\n# This output is used by Xcode 'outputs' to avoid re-running this script phase.\necho \"SUCCESS\" > \"${SCRIPT_OUTPUT_FILE_0}\"\n";
			showEnvVarsInLog = 0;
		};
/* End PBXShellScriptBuildPhase section */

/* Begin PBXSourcesBuildPhase section */
		84A2B50A28DB48150089ABCE /* Sources */ = {
			isa = PBXSourcesBuildPhase;
			buildActionMask = 2147483647;
			files = (
				84A2B51628DB48160089ABCE /* ViewController.swift in Sources */,
				84246A1528DDCB9600873A7C /* LabelViewController.swift in Sources */,
				84A2B51228DB48160089ABCE /* AppDelegate.swift in Sources */,
				84A2B51428DB48160089ABCE /* SceneDelegate.swift in Sources */,
				844760B528DC73BD00285E25 /* PageViewController.swift in Sources */,
			);
			runOnlyForDeploymentPostprocessing = 0;
		};
/* End PBXSourcesBuildPhase section */

/* Begin PBXVariantGroup section */
		84A2B51728DB48160089ABCE /* Main.storyboard */ = {
			isa = PBXVariantGroup;
			children = (
				84A2B51828DB48160089ABCE /* Base */,
			);
			name = Main.storyboard;
			sourceTree = "<group>";
		};
		84A2B51C28DB48180089ABCE /* LaunchScreen.storyboard */ = {
			isa = PBXVariantGroup;
			children = (
				84A2B51D28DB48180089ABCE /* Base */,
			);
			name = LaunchScreen.storyboard;
			sourceTree = "<group>";
		};
/* End PBXVariantGroup section */

/* Begin XCBuildConfiguration section */
		84A2B52028DB48180089ABCE /* Debug */ = {
			isa = XCBuildConfiguration;
			buildSettings = {
				ALWAYS_SEARCH_USER_PATHS = NO;
				CLANG_ANALYZER_NONNULL = YES;
				CLANG_ANALYZER_NUMBER_OBJECT_CONVERSION = YES_AGGRESSIVE;
				CLANG_CXX_LANGUAGE_STANDARD = "gnu++17";
				CLANG_ENABLE_MODULES = YES;
				CLANG_ENABLE_OBJC_ARC = YES;
				CLANG_ENABLE_OBJC_WEAK = YES;
				CLANG_WARN_BLOCK_CAPTURE_AUTORELEASING = YES;
				CLANG_WARN_BOOL_CONVERSION = YES;
				CLANG_WARN_COMMA = YES;
				CLANG_WARN_CONSTANT_CONVERSION = YES;
				CLANG_WARN_DEPRECATED_OBJC_IMPLEMENTATIONS = YES;
				CLANG_WARN_DIRECT_OBJC_ISA_USAGE = YES_ERROR;
				CLANG_WARN_DOCUMENTATION_COMMENTS = YES;
				CLANG_WARN_EMPTY_BODY = YES;
				CLANG_WARN_ENUM_CONVERSION = YES;
				CLANG_WARN_INFINITE_RECURSION = YES;
				CLANG_WARN_INT_CONVERSION = YES;
				CLANG_WARN_NON_LITERAL_NULL_CONVERSION = YES;
				CLANG_WARN_OBJC_IMPLICIT_RETAIN_SELF = YES;
				CLANG_WARN_OBJC_LITERAL_CONVERSION = YES;
				CLANG_WARN_OBJC_ROOT_CLASS = YES_ERROR;
				CLANG_WARN_QUOTED_INCLUDE_IN_FRAMEWORK_HEADER = YES;
				CLANG_WARN_RANGE_LOOP_ANALYSIS = YES;
				CLANG_WARN_STRICT_PROTOTYPES = YES;
				CLANG_WARN_SUSPICIOUS_MOVE = YES;
				CLANG_WARN_UNGUARDED_AVAILABILITY = YES_AGGRESSIVE;
				CLANG_WARN_UNREACHABLE_CODE = YES;
				CLANG_WARN__DUPLICATE_METHOD_MATCH = YES;
				COPY_PHASE_STRIP = NO;
				DEBUG_INFORMATION_FORMAT = dwarf;
				ENABLE_STRICT_OBJC_MSGSEND = YES;
				ENABLE_TESTABILITY = YES;
				GCC_C_LANGUAGE_STANDARD = gnu11;
				GCC_DYNAMIC_NO_PIC = NO;
				GCC_NO_COMMON_BLOCKS = YES;
				GCC_OPTIMIZATION_LEVEL = 0;
				GCC_PREPROCESSOR_DEFINITIONS = (
					"DEBUG=1",
					"$(inherited)",
				);
				GCC_WARN_64_TO_32_BIT_CONVERSION = YES;
				GCC_WARN_ABOUT_RETURN_TYPE = YES_ERROR;
				GCC_WARN_UNDECLARED_SELECTOR = YES;
				GCC_WARN_UNINITIALIZED_AUTOS = YES_AGGRESSIVE;
				GCC_WARN_UNUSED_FUNCTION = YES;
				GCC_WARN_UNUSED_VARIABLE = YES;
				IPHONEOS_DEPLOYMENT_TARGET = 15.5;
				MTL_ENABLE_DEBUG_INFO = INCLUDE_SOURCE;
				MTL_FAST_MATH = YES;
				ONLY_ACTIVE_ARCH = YES;
				SDKROOT = iphoneos;
				SWIFT_ACTIVE_COMPILATION_CONDITIONS = DEBUG;
				SWIFT_OPTIMIZATION_LEVEL = "-Onone";
			};
			name = Debug;
		};
		84A2B52128DB48180089ABCE /* Release */ = {
			isa = XCBuildConfiguration;
			buildSettings = {
				ALWAYS_SEARCH_USER_PATHS = NO;
				CLANG_ANALYZER_NONNULL = YES;
				CLANG_ANALYZER_NUMBER_OBJECT_CONVERSION = YES_AGGRESSIVE;
				CLANG_CXX_LANGUAGE_STANDARD = "gnu++17";
				CLANG_ENABLE_MODULES = YES;
				CLANG_ENABLE_OBJC_ARC = YES;
				CLANG_ENABLE_OBJC_WEAK = YES;
				CLANG_WARN_BLOCK_CAPTURE_AUTORELEASING = YES;
				CLANG_WARN_BOOL_CONVERSION = YES;
				CLANG_WARN_COMMA = YES;
				CLANG_WARN_CONSTANT_CONVERSION = YES;
				CLANG_WARN_DEPRECATED_OBJC_IMPLEMENTATIONS = YES;
				CLANG_WARN_DIRECT_OBJC_ISA_USAGE = YES_ERROR;
				CLANG_WARN_DOCUMENTATION_COMMENTS = YES;
				CLANG_WARN_EMPTY_BODY = YES;
				CLANG_WARN_ENUM_CONVERSION = YES;
				CLANG_WARN_INFINITE_RECURSION = YES;
				CLANG_WARN_INT_CONVERSION = YES;
				CLANG_WARN_NON_LITERAL_NULL_CONVERSION = YES;
				CLANG_WARN_OBJC_IMPLICIT_RETAIN_SELF = YES;
				CLANG_WARN_OBJC_LITERAL_CONVERSION = YES;
				CLANG_WARN_OBJC_ROOT_CLASS = YES_ERROR;
				CLANG_WARN_QUOTED_INCLUDE_IN_FRAMEWORK_HEADER = YES;
				CLANG_WARN_RANGE_LOOP_ANALYSIS = YES;
				CLANG_WARN_STRICT_PROTOTYPES = YES;
				CLANG_WARN_SUSPICIOUS_MOVE = YES;
				CLANG_WARN_UNGUARDED_AVAILABILITY = YES_AGGRESSIVE;
				CLANG_WARN_UNREACHABLE_CODE = YES;
				CLANG_WARN__DUPLICATE_METHOD_MATCH = YES;
				COPY_PHASE_STRIP = NO;
				DEBUG_INFORMATION_FORMAT = "dwarf-with-dsym";
				ENABLE_NS_ASSERTIONS = NO;
				ENABLE_STRICT_OBJC_MSGSEND = YES;
				GCC_C_LANGUAGE_STANDARD = gnu11;
				GCC_NO_COMMON_BLOCKS = YES;
				GCC_WARN_64_TO_32_BIT_CONVERSION = YES;
				GCC_WARN_ABOUT_RETURN_TYPE = YES_ERROR;
				GCC_WARN_UNDECLARED_SELECTOR = YES;
				GCC_WARN_UNINITIALIZED_AUTOS = YES_AGGRESSIVE;
				GCC_WARN_UNUSED_FUNCTION = YES;
				GCC_WARN_UNUSED_VARIABLE = YES;
				IPHONEOS_DEPLOYMENT_TARGET = 15.5;
				MTL_ENABLE_DEBUG_INFO = NO;
				MTL_FAST_MATH = YES;
				SDKROOT = iphoneos;
				SWIFT_COMPILATION_MODE = wholemodule;
				SWIFT_OPTIMIZATION_LEVEL = "-O";
				VALIDATE_PRODUCT = YES;
			};
			name = Release;
		};
		84A2B52328DB48180089ABCE /* Debug */ = {
			isa = XCBuildConfiguration;
			baseConfigurationReference = F018D0A89903C549CAC934CD /* Pods-12.Hafta.debug.xcconfig */;
			buildSettings = {
				ASSETCATALOG_COMPILER_APPICON_NAME = AppIcon;
				ASSETCATALOG_COMPILER_GLOBAL_ACCENT_COLOR_NAME = AccentColor;
				CODE_SIGN_STYLE = Automatic;
				CURRENT_PROJECT_VERSION = 1;
				DEVELOPMENT_TEAM = CFVH3G334D;
				GENERATE_INFOPLIST_FILE = YES;
				INFOPLIST_FILE = 12.Hafta/Info.plist;
				INFOPLIST_KEY_UIApplicationSupportsIndirectInputEvents = YES;
				INFOPLIST_KEY_UILaunchStoryboardName = LaunchScreen;
				INFOPLIST_KEY_UIMainStoryboardFile = Main;
				INFOPLIST_KEY_UISupportedInterfaceOrientations_iPad = "UIInterfaceOrientationPortrait UIInterfaceOrientationPortraitUpsideDown UIInterfaceOrientationLandscapeLeft UIInterfaceOrientationLandscapeRight";
				INFOPLIST_KEY_UISupportedInterfaceOrientations_iPhone = "UIInterfaceOrientationPortrait UIInterfaceOrientationLandscapeLeft UIInterfaceOrientationLandscapeRight";
				LD_RUNPATH_SEARCH_PATHS = (
					"$(inherited)",
					"@executable_path/Frameworks",
				);
				MARKETING_VERSION = 1.0;
				PRODUCT_BUNDLE_IDENTIFIER = "com.sumeyyekilicoglu.-2-Hafta";
				PRODUCT_NAME = "$(TARGET_NAME)";
				SWIFT_EMIT_LOC_STRINGS = YES;
				SWIFT_VERSION = 5.0;
				TARGETED_DEVICE_FAMILY = "1,2";
			};
			name = Debug;
		};
		84A2B52428DB48180089ABCE /* Release */ = {
			isa = XCBuildConfiguration;
			baseConfigurationReference = 4108458D7BCA9144C929FFF6 /* Pods-12.Hafta.release.xcconfig */;
			buildSettings = {
				ASSETCATALOG_COMPILER_APPICON_NAME = AppIcon;
				ASSETCATALOG_COMPILER_GLOBAL_ACCENT_COLOR_NAME = AccentColor;
				CODE_SIGN_STYLE = Automatic;
				CURRENT_PROJECT_VERSION = 1;
				DEVELOPMENT_TEAM = CFVH3G334D;
				GENERATE_INFOPLIST_FILE = YES;
				INFOPLIST_FILE = 12.Hafta/Info.plist;
				INFOPLIST_KEY_UIApplicationSupportsIndirectInputEvents = YES;
				INFOPLIST_KEY_UILaunchStoryboardName = LaunchScreen;
				INFOPLIST_KEY_UIMainStoryboardFile = Main;
				INFOPLIST_KEY_UISupportedInterfaceOrientations_iPad = "UIInterfaceOrientationPortrait UIInterfaceOrientationPortraitUpsideDown UIInterfaceOrientationLandscapeLeft UIInterfaceOrientationLandscapeRight";
				INFOPLIST_KEY_UISupportedInterfaceOrientations_iPhone = "UIInterfaceOrientationPortrait UIInterfaceOrientationLandscapeLeft UIInterfaceOrientationLandscapeRight";
				LD_RUNPATH_SEARCH_PATHS = (
					"$(inherited)",
					"@executable_path/Frameworks",
				);
				MARKETING_VERSION = 1.0;
				PRODUCT_BUNDLE_IDENTIFIER = "com.sumeyyekilicoglu.-2-Hafta";
				PRODUCT_NAME = "$(TARGET_NAME)";
				SWIFT_EMIT_LOC_STRINGS = YES;
				SWIFT_VERSION = 5.0;
				TARGETED_DEVICE_FAMILY = "1,2";
			};
			name = Release;
		};
/* End XCBuildConfiguration section */

/* Begin XCConfigurationList section */
		84A2B50928DB48150089ABCE /* Build configuration list for PBXProject "12.Hafta" */ = {
			isa = XCConfigurationList;
			buildConfigurations = (
				84A2B52028DB48180089ABCE /* Debug */,
				84A2B52128DB48180089ABCE /* Release */,
			);
			defaultConfigurationIsVisible = 0;
			defaultConfigurationName = Release;
		};
		84A2B52228DB48180089ABCE /* Build configuration list for PBXNativeTarget "12.Hafta" */ = {
			isa = XCConfigurationList;
			buildConfigurations = (
				84A2B52328DB48180089ABCE /* Debug */,
				84A2B52428DB48180089ABCE /* Release */,
			);
			defaultConfigurationIsVisible = 0;
			defaultConfigurationName = Release;
		};
/* End XCConfigurationList section */
	};
	rootObject = 84A2B50628DB48150089ABCE /* Project object */;
}
